
Microsoft Visual Studio Solution File, Format Version 12.00
# Visual Studio 15
VisualStudioVersion = 15.0.27703.2000
MinimumVisualStudioVersion = 10.0.40219.1
Project("{FAE04EC0-301F-11D3-BF4B-00C04F79EFBC}") = "CloudCopMain", "CloudCop\CloudCopMain.csproj", "{1EC59DD8-3155-4E66-BC55-740218E0906A}"
EndProject
Global
	GlobalSection(SolutionConfigurationPlatforms) = preSolution
		Debug|Any CPU = Debug|Any CPU
		Release|Any CPU = Release|Any CPU
	EndGlobalSection
	GlobalSection(ProjectConfigurationPlatforms) = postSolution
		{1EC59DD8-3155-4E66-BC55-740218E0906A}.Debug|Any CPU.ActiveCfg = Debug|Any CPU
		{1EC59DD8-3155-4E66-BC55-740218E0906A}.Debug|Any CPU.Build.0 = Debug|Any CPU
		{1EC59DD8-3155-4E66-BC55-740218E0906A}.Release|Any CPU.ActiveCfg = Release|Any CPU
		{1EC59DD8-3155-4E66-BC55-740218E0906A}.Release|Any CPU.Build.0 = Release|Any CPU
	EndGlobalSection
	GlobalSection(SolutionProperties) = preSolution
		HideSolutionNode = FALSE
	EndGlobalSection
	GlobalSection(ExtensibilityGlobals) = postSolution
		SolutionGuid = {440A5765-A627-4CE4-8655-C334BC0662DC}
	EndGlobalSection
EndGlobal
